
Microsoft Visual Studio Solution File, Format Version 12.00
# Visual Studio Version 16
VisualStudioVersion = 16.0.31702.278
MinimumVisualStudioVersion = 10.0.40219.1
Project("{FAE04EC0-301F-11D3-BF4B-00C04F79EFBC}") = "WpfZad3MustBeCorrect", "WpfZad3MustBeCorrect\WpfZad3MustBeCorrect.csproj", "{068AE4F1-9371-4651-A879-58FFD7B40206}"
EndProject
Global
	GlobalSection(SolutionConfigurationPlatforms) = preSolution
		Debug|Any CPU = Debug|Any CPU
		Release|Any CPU = Release|Any CPU
	EndGlobalSection
	GlobalSection(ProjectConfigurationPlatforms) = postSolution
		{068AE4F1-9371-4651-A879-58FFD7B40206}.Debug|Any CPU.ActiveCfg = Debug|Any CPU
		{068AE4F1-9371-4651-A879-58FFD7B40206}.Debug|Any CPU.Build.0 = Debug|Any CPU
		{068AE4F1-9371-4651-A879-58FFD7B40206}.Release|Any CPU.ActiveCfg = Release|Any CPU
		{068AE4F1-9371-4651-A879-58FFD7B40206}.Release|Any CPU.Build.0 = Release|Any CPU
	EndGlobalSection
	GlobalSection(SolutionProperties) = preSolution
		HideSolutionNode = FALSE
	EndGlobalSection
	GlobalSection(ExtensibilityGlobals) = postSolution
		SolutionGuid = {BA1BE048-B41E-43C7-AE0C-C7E0CF905126}
	EndGlobalSection
EndGlobal
